
Microsoft Visual Studio Solution File, Format Version 12.00
# Visual Studio Version 16
VisualStudioVersion = 16.0.30413.136
MinimumVisualStudioVersion = 10.0.40219.1
Project("{FAE04EC0-301F-11D3-BF4B-00C04F79EFBC}") = "MovieRegistrationValidation", "MovieRegistrationValidation\MovieRegistrationValidation.csproj", "{B3021852-BAB6-4AC8-B861-EC5AE66A2AC7}"
EndProject
Global
	GlobalSection(SolutionConfigurationPlatforms) = preSolution
		Debug|Any CPU = Debug|Any CPU
		Release|Any CPU = Release|Any CPU
	EndGlobalSection
	GlobalSection(ProjectConfigurationPlatforms) = postSolution
		{B3021852-BAB6-4AC8-B861-EC5AE66A2AC7}.Debug|Any CPU.ActiveCfg = Debug|Any CPU
		{B3021852-BAB6-4AC8-B861-EC5AE66A2AC7}.Debug|Any CPU.Build.0 = Debug|Any CPU
		{B3021852-BAB6-4AC8-B861-EC5AE66A2AC7}.Release|Any CPU.ActiveCfg = Release|Any CPU
		{B3021852-BAB6-4AC8-B861-EC5AE66A2AC7}.Release|Any CPU.Build.0 = Release|Any CPU
	EndGlobalSection
	GlobalSection(SolutionProperties) = preSolution
		HideSolutionNode = FALSE
	EndGlobalSection
	GlobalSection(ExtensibilityGlobals) = postSolution
		SolutionGuid = {D69A3658-FCFC-4F22-8A4F-8356C1EEA21A}
	EndGlobalSection
EndGlobal
